
Microsoft Visual Studio Solution File, Format Version 12.00
# Visual Studio Version 17
VisualStudioVersion = 17.10.35004.147
MinimumVisualStudioVersion = 10.0.40219.1
Project("{FAE04EC0-301F-11D3-BF4B-00C04F79EFBC}") = "EstateMaster.Server", "EstateMaster.Server\EstateMaster.Server.csproj", "{68E21BA7-7994-4799-B846-99B1646ECA16}"
EndProject
Project("{54A90642-561A-4BB1-A94E-469ADEE60C69}") = "estatemaster.client", "estatemaster.client\estatemaster.client.esproj", "{51FB05AB-B341-43D3-89E3-A978BC58177F}"
EndProject
Global
	GlobalSection(SolutionConfigurationPlatforms) = preSolution
		Debug|Any CPU = Debug|Any CPU
		Release|Any CPU = Release|Any CPU
	EndGlobalSection
	GlobalSection(ProjectConfigurationPlatforms) = postSolution
		{68E21BA7-7994-4799-B846-99B1646ECA16}.Debug|Any CPU.ActiveCfg = Debug|Any CPU
		{68E21BA7-7994-4799-B846-99B1646ECA16}.Debug|Any CPU.Build.0 = Debug|Any CPU
		{68E21BA7-7994-4799-B846-99B1646ECA16}.Release|Any CPU.ActiveCfg = Release|Any CPU
		{68E21BA7-7994-4799-B846-99B1646ECA16}.Release|Any CPU.Build.0 = Release|Any CPU
		{51FB05AB-B341-43D3-89E3-A978BC58177F}.Debug|Any CPU.ActiveCfg = Debug|Any CPU
		{51FB05AB-B341-43D3-89E3-A978BC58177F}.Debug|Any CPU.Build.0 = Debug|Any CPU
		{51FB05AB-B341-43D3-89E3-A978BC58177F}.Debug|Any CPU.Deploy.0 = Debug|Any CPU
		{51FB05AB-B341-43D3-89E3-A978BC58177F}.Release|Any CPU.ActiveCfg = Release|Any CPU
		{51FB05AB-B341-43D3-89E3-A978BC58177F}.Release|Any CPU.Build.0 = Release|Any CPU
		{51FB05AB-B341-43D3-89E3-A978BC58177F}.Release|Any CPU.Deploy.0 = Release|Any CPU
	EndGlobalSection
	GlobalSection(SolutionProperties) = preSolution
		HideSolutionNode = FALSE
	EndGlobalSection
	GlobalSection(ExtensibilityGlobals) = postSolution
		SolutionGuid = {E13FCA8A-B5B4-4967-9648-8D10174FA00D}
	EndGlobalSection
EndGlobal
